// !$*UTF8*$!
{
	archiveVersion = 1;
	classes = {
	};
	objectVersion = 55;
	objects = {

/* Begin PBXBuildFile section */
		9948D89427CB622A00B6DEB7 /* UploadViewController.swift in Sources */ = {isa = PBXBuildFile; fileRef = 9948D89327CB622A00B6DEB7 /* UploadViewController.swift */; };
		9985CDD427CA065500A16782 /* AppDelegate.swift in Sources */ = {isa = PBXBuildFile; fileRef = 9985CDD327CA065500A16782 /* AppDelegate.swift */; };
		9985CDD627CA065500A16782 /* SceneDelegate.swift in Sources */ = {isa = PBXBuildFile; fileRef = 9985CDD527CA065500A16782 /* SceneDelegate.swift */; };
		9985CDD827CA065500A16782 /* FeedViewController.swift in Sources */ = {isa = PBXBuildFile; fileRef = 9985CDD727CA065500A16782 /* FeedViewController.swift */; };
		9985CDDB27CA065500A16782 /* Main.storyboard in Resources */ = {isa = PBXBuildFile; fileRef = 9985CDD927CA065500A16782 /* Main.storyboard */; };
		9985CDDD27CA065600A16782 /* Assets.xcassets in Resources */ = {isa = PBXBuildFile; fileRef = 9985CDDC27CA065600A16782 /* Assets.xcassets */; };
		9985CDE027CA065600A16782 /* LaunchScreen.storyboard in Resources */ = {isa = PBXBuildFile; fileRef = 9985CDDE27CA065600A16782 /* LaunchScreen.storyboard */; };
		9985CDE927CA084600A16782 /* SnapKit in Frameworks */ = {isa = PBXBuildFile; productRef = 9985CDE827CA084600A16782 /* SnapKit */; };
		9985CDEB27CA092000A16782 /* TabBarController.swift in Sources */ = {isa = PBXBuildFile; fileRef = 9985CDEA27CA092000A16782 /* TabBarController.swift */; };
		9985CDEE27CA0D4F00A16782 /* FeedTableViewCell.swift in Sources */ = {isa = PBXBuildFile; fileRef = 9985CDED27CA0D4F00A16782 /* FeedTableViewCell.swift */; };
		9985CDF027CA158B00A16782 /* UIButton+.swift in Sources */ = {isa = PBXBuildFile; fileRef = 9985CDEF27CA158B00A16782 /* UIButton+.swift */; };
		9985CDF327CA421800A16782 /* ProfileViewController.swift in Sources */ = {isa = PBXBuildFile; fileRef = 9985CDF227CA421800A16782 /* ProfileViewController.swift */; };
		9985CDF727CA481C00A16782 /* ProfileDataView.swift in Sources */ = {isa = PBXBuildFile; fileRef = 9985CDF627CA481C00A16782 /* ProfileDataView.swift */; };
		9985CDF927CA4CF700A16782 /* ProfileCollectionViewCell.swift in Sources */ = {isa = PBXBuildFile; fileRef = 9985CDF827CA4CF700A16782 /* ProfileCollectionViewCell.swift */; };
/* End PBXBuildFile section */

/* Begin PBXFileReference section */
		9948D89327CB622A00B6DEB7 /* UploadViewController.swift */ = {isa = PBXFileReference; lastKnownFileType = sourcecode.swift; path = UploadViewController.swift; sourceTree = "<group>"; };
		9985CDD027CA065500A16782 /* Instagram.app */ = {isa = PBXFileReference; explicitFileType = wrapper.application; includeInIndex = 0; path = Instagram.app; sourceTree = BUILT_PRODUCTS_DIR; };
		9985CDD327CA065500A16782 /* AppDelegate.swift */ = {isa = PBXFileReference; lastKnownFileType = sourcecode.swift; path = AppDelegate.swift; sourceTree = "<group>"; };
		9985CDD527CA065500A16782 /* SceneDelegate.swift */ = {isa = PBXFileReference; lastKnownFileType = sourcecode.swift; path = SceneDelegate.swift; sourceTree = "<group>"; };
		9985CDD727CA065500A16782 /* FeedViewController.swift */ = {isa = PBXFileReference; lastKnownFileType = sourcecode.swift; path = FeedViewController.swift; sourceTree = "<group>"; };
		9985CDDA27CA065500A16782 /* Base */ = {isa = PBXFileReference; lastKnownFileType = file.storyboard; name = Base; path = Base.lproj/Main.storyboard; sourceTree = "<group>"; };
		9985CDDC27CA065600A16782 /* Assets.xcassets */ = {isa = PBXFileReference; lastKnownFileType = folder.assetcatalog; path = Assets.xcassets; sourceTree = "<group>"; };
		9985CDDF27CA065600A16782 /* Base */ = {isa = PBXFileReference; lastKnownFileType = file.storyboard; name = Base; path = Base.lproj/LaunchScreen.storyboard; sourceTree = "<group>"; };
		9985CDE127CA065600A16782 /* Info.plist */ = {isa = PBXFileReference; lastKnownFileType = text.plist.xml; path = Info.plist; sourceTree = "<group>"; };
		9985CDEA27CA092000A16782 /* TabBarController.swift */ = {isa = PBXFileReference; lastKnownFileType = sourcecode.swift; path = TabBarController.swift; sourceTree = "<group>"; };
		9985CDED27CA0D4F00A16782 /* FeedTableViewCell.swift */ = {isa = PBXFileReference; lastKnownFileType = sourcecode.swift; path = FeedTableViewCell.swift; sourceTree = "<group>"; };
		9985CDEF27CA158B00A16782 /* UIButton+.swift */ = {isa = PBXFileReference; lastKnownFileType = sourcecode.swift; path = "UIButton+.swift"; sourceTree = "<group>"; };
		9985CDF227CA421800A16782 /* ProfileViewController.swift */ = {isa = PBXFileReference; lastKnownFileType = sourcecode.swift; path = ProfileViewController.swift; sourceTree = "<group>"; };
		9985CDF627CA481C00A16782 /* ProfileDataView.swift */ = {isa = PBXFileReference; lastKnownFileType = sourcecode.swift; path = ProfileDataView.swift; sourceTree = "<group>"; };
		9985CDF827CA4CF700A16782 /* ProfileCollectionViewCell.swift */ = {isa = PBXFileReference; lastKnownFileType = sourcecode.swift; path = ProfileCollectionViewCell.swift; sourceTree = "<group>"; };
/* End PBXFileReference section */

/* Begin PBXFrameworksBuildPhase section */
		9985CDCD27CA065500A16782 /* Frameworks */ = {
			isa = PBXFrameworksBuildPhase;
			buildActionMask = 2147483647;
			files = (
				9985CDE927CA084600A16782 /* SnapKit in Frameworks */,
			);
			runOnlyForDeploymentPostprocessing = 0;
		};
/* End PBXFrameworksBuildPhase section */

/* Begin PBXGroup section */
		9985CDC727CA065500A16782 = {
			isa = PBXGroup;
			children = (
				9985CDD227CA065500A16782 /* Instagram */,
				9985CDD127CA065500A16782 /* Products */,
			);
			sourceTree = "<group>";
		};
		9985CDD127CA065500A16782 /* Products */ = {
			isa = PBXGroup;
			children = (
				9985CDD027CA065500A16782 /* Instagram.app */,
			);
			name = Products;
			sourceTree = "<group>";
		};
		9985CDD227CA065500A16782 /* Instagram */ = {
			isa = PBXGroup;
			children = (
				9985CDD327CA065500A16782 /* AppDelegate.swift */,
				9985CDD527CA065500A16782 /* SceneDelegate.swift */,
				9985CDEC27CA093F00A16782 /* Scenes */,
				9985CDF127CA15A300A16782 /* Helper */,
				9985CDD927CA065500A16782 /* Main.storyboard */,
				9985CDDC27CA065600A16782 /* Assets.xcassets */,
				9985CDDE27CA065600A16782 /* LaunchScreen.storyboard */,
				9985CDE127CA065600A16782 /* Info.plist */,
			);
			path = Instagram;
			sourceTree = "<group>";
		};
		9985CDEC27CA093F00A16782 /* Scenes */ = {
			isa = PBXGroup;
			children = (
				9985CDF427CA432A00A16782 /* Feed */,
				9985CDF527CA433300A16782 /* Profile */,
				9985CDEA27CA092000A16782 /* TabBarController.swift */,
			);
			path = Scenes;
			sourceTree = "<group>";
		};
		9985CDF127CA15A300A16782 /* Helper */ = {
			isa = PBXGroup;
			children = (
				9985CDEF27CA158B00A16782 /* UIButton+.swift */,
			);
			path = Helper;
			sourceTree = "<group>";
		};
		9985CDF427CA432A00A16782 /* Feed */ = {
			isa = PBXGroup;
			children = (
				9985CDD727CA065500A16782 /* FeedViewController.swift */,
				9985CDED27CA0D4F00A16782 /* FeedTableViewCell.swift */,
				9948D89327CB622A00B6DEB7 /* UploadViewController.swift */,
			);
			path = Feed;
			sourceTree = "<group>";
		};
		9985CDF527CA433300A16782 /* Profile */ = {
			isa = PBXGroup;
			children = (
				9985CDF227CA421800A16782 /* ProfileViewController.swift */,
				9985CDF627CA481C00A16782 /* ProfileDataView.swift */,
				9985CDF827CA4CF700A16782 /* ProfileCollectionViewCell.swift */,
			);
			path = Profile;
			sourceTree = "<group>";
		};
/* End PBXGroup section */

/* Begin PBXNativeTarget section */
		9985CDCF27CA065500A16782 /* Instagram */ = {
			isa = PBXNativeTarget;
			buildConfigurationList = 9985CDE427CA065600A16782 /* Build configuration list for PBXNativeTarget "Instagram" */;
			buildPhases = (
				9985CDCC27CA065500A16782 /* Sources */,
				9985CDCD27CA065500A16782 /* Frameworks */,
				9985CDCE27CA065500A16782 /* Resources */,
			);
			buildRules = (
			);
			dependencies = (
			);
			name = Instagram;
			packageProductDependencies = (
				9985CDE827CA084600A16782 /* SnapKit */,
			);
			productName = Instagram;
			productReference = 9985CDD027CA065500A16782 /* Instagram.app */;
			productType = "com.apple.product-type.application";
		};
/* End PBXNativeTarget section */

/* Begin PBXProject section */
		9985CDC827CA065500A16782 /* Project object */ = {
			isa = PBXProject;
			attributes = {
				BuildIndependentTargetsInParallel = 1;
				LastSwiftUpdateCheck = 1320;
				LastUpgradeCheck = 1320;
				TargetAttributes = {
					9985CDCF27CA065500A16782 = {
						CreatedOnToolsVersion = 13.2.1;
					};
				};
			};
			buildConfigurationList = 9985CDCB27CA065500A16782 /* Build configuration list for PBXProject "Instagram" */;
			compatibilityVersion = "Xcode 13.0";
			developmentRegion = en;
			hasScannedForEncodings = 0;
			knownRegions = (
				en,
				Base,
			);
			mainGroup = 9985CDC727CA065500A16782;
			packageReferences = (
				9985CDE727CA084600A16782 /* XCRemoteSwiftPackageReference "SnapKit" */,
			);
			productRefGroup = 9985CDD127CA065500A16782 /* Products */;
			projectDirPath = "";
			projectRoot = "";
			targets = (
				9985CDCF27CA065500A16782 /* Instagram */,
			);
		};
/* End PBXProject section */

/* Begin PBXResourcesBuildPhase section */
		9985CDCE27CA065500A16782 /* Resources */ = {
			isa = PBXResourcesBuildPhase;
			buildActionMask = 2147483647;
			files = (
				9985CDE027CA065600A16782 /* LaunchScreen.storyboard in Resources */,
				9985CDDD27CA065600A16782 /* Assets.xcassets in Resources */,
				9985CDDB27CA065500A16782 /* Main.storyboard in Resources */,
			);
			runOnlyForDeploymentPostprocessing = 0;
		};
/* End PBXResourcesBuildPhase section */

/* Begin PBXSourcesBuildPhase section */
		9985CDCC27CA065500A16782 /* Sources */ = {
			isa = PBXSourcesBuildPhase;
			buildActionMask = 2147483647;
			files = (
				9985CDD827CA065500A16782 /* FeedViewController.swift in Sources */,
				9948D89427CB622A00B6DEB7 /* UploadViewController.swift in Sources */,
				9985CDF927CA4CF700A16782 /* ProfileCollectionViewCell.swift in Sources */,
				9985CDF027CA158B00A16782 /* UIButton+.swift in Sources */,
				9985CDEB27CA092000A16782 /* TabBarController.swift in Sources */,
				9985CDD427CA065500A16782 /* AppDelegate.swift in Sources */,
				9985CDF327CA421800A16782 /* ProfileViewController.swift in Sources */,
				9985CDD627CA065500A16782 /* SceneDelegate.swift in Sources */,
				9985CDF727CA481C00A16782 /* ProfileDataView.swift in Sources */,
				9985CDEE27CA0D4F00A16782 /* FeedTableViewCell.swift in Sources */,
			);
			runOnlyForDeploymentPostprocessing = 0;
		};
/* End PBXSourcesBuildPhase section */

/* Begin PBXVariantGroup section */
		9985CDD927CA065500A16782 /* Main.storyboard */ = {
			isa = PBXVariantGroup;
			children = (
				9985CDDA27CA065500A16782 /* Base */,
			);
			name = Main.storyboard;
			sourceTree = "<group>";
		};
		9985CDDE27CA065600A16782 /* LaunchScreen.storyboard */ = {
			isa = PBXVariantGroup;
			children = (
				9985CDDF27CA065600A16782 /* Base */,
			);
			name = LaunchScreen.storyboard;
			sourceTree = "<group>";
		};
/* End PBXVariantGroup section */

/* Begin XCBuildConfiguration section */
		9985CDE227CA065600A16782 /* Debug */ = {
			isa = XCBuildConfiguration;
			buildSettings = {
				ALWAYS_SEARCH_USER_PATHS = NO;
				CLANG_ANALYZER_NONNULL = YES;
				CLANG_ANALYZER_NUMBER_OBJECT_CONVERSION = YES_AGGRESSIVE;
				CLANG_CXX_LANGUAGE_STANDARD = "gnu++17";
				CLANG_CXX_LIBRARY = "libc++";
				CLANG_ENABLE_MODULES = YES;
				CLANG_ENABLE_OBJC_ARC = YES;
				CLANG_ENABLE_OBJC_WEAK = YES;
				CLANG_WARN_BLOCK_CAPTURE_AUTORELEASING = YES;
				CLANG_WARN_BOOL_CONVERSION = YES;
				CLANG_WARN_COMMA = YES;
				CLANG_WARN_CONSTANT_CONVERSION = YES;
				CLANG_WARN_DEPRECATED_OBJC_IMPLEMENTATIONS = YES;
				CLANG_WARN_DIRECT_OBJC_ISA_USAGE = YES_ERROR;
				CLANG_WARN_DOCUMENTATION_COMMENTS = YES;
				CLANG_WARN_EMPTY_BODY = YES;
				CLANG_WARN_ENUM_CONVERSION = YES;
				CLANG_WARN_INFINITE_RECURSION = YES;
				CLANG_WARN_INT_CONVERSION = YES;
				CLANG_WARN_NON_LITERAL_NULL_CONVERSION = YES;
				CLANG_WARN_OBJC_IMPLICIT_RETAIN_SELF = YES;
				CLANG_WARN_OBJC_LITERAL_CONVERSION = YES;
				CLANG_WARN_OBJC_ROOT_CLASS = YES_ERROR;
				CLANG_WARN_QUOTED_INCLUDE_IN_FRAMEWORK_HEADER = YES;
				CLANG_WARN_RANGE_LOOP_ANALYSIS = YES;
				CLANG_WARN_STRICT_PROTOTYPES = YES;
				CLANG_WARN_SUSPICIOUS_MOVE = YES;
				CLANG_WARN_UNGUARDED_AVAILABILITY = YES_AGGRESSIVE;
				CLANG_WARN_UNREACHABLE_CODE = YES;
				CLANG_WARN__DUPLICATE_METHOD_MATCH = YES;
				COPY_PHASE_STRIP = NO;
				DEBUG_INFORMATION_FORMAT = dwarf;
				ENABLE_STRICT_OBJC_MSGSEND = YES;
				ENABLE_TESTABILITY = YES;
				GCC_C_LANGUAGE_STANDARD = gnu11;
				GCC_DYNAMIC_NO_PIC = NO;
				GCC_NO_COMMON_BLOCKS = YES;
				GCC_OPTIMIZATION_LEVEL = 0;
				GCC_PREPROCESSOR_DEFINITIONS = (
					"DEBUG=1",
					"$(inherited)",
				);
				GCC_WARN_64_TO_32_BIT_CONVERSION = YES;
				GCC_WARN_ABOUT_RETURN_TYPE = YES_ERROR;
				GCC_WARN_UNDECLARED_SELECTOR = YES;
				GCC_WARN_UNINITIALIZED_AUTOS = YES_AGGRESSIVE;
				GCC_WARN_UNUSED_FUNCTION = YES;
				GCC_WARN_UNUSED_VARIABLE = YES;
				IPHONEOS_DEPLOYMENT_TARGET = 15.2;
				MTL_ENABLE_DEBUG_INFO = INCLUDE_SOURCE;
				MTL_FAST_MATH = YES;
				ONLY_ACTIVE_ARCH = YES;
				SDKROOT = iphoneos;
				SWIFT_ACTIVE_COMPILATION_CONDITIONS = DEBUG;
				SWIFT_OPTIMIZATION_LEVEL = "-Onone";
			};
			name = Debug;
		};
		9985CDE327CA065600A16782 /* Release */ = {
			isa = XCBuildConfiguration;
			buildSettings = {
				ALWAYS_SEARCH_USER_PATHS = NO;
				CLANG_ANALYZER_NONNULL = YES;
				CLANG_ANALYZER_NUMBER_OBJECT_CONVERSION = YES_AGGRESSIVE;
				CLANG_CXX_LANGUAGE_STANDARD = "gnu++17";
				CLANG_CXX_LIBRARY = "libc++";
				CLANG_ENABLE_MODULES = YES;
				CLANG_ENABLE_OBJC_ARC = YES;
				CLANG_ENABLE_OBJC_WEAK = YES;
				CLANG_WARN_BLOCK_CAPTURE_AUTORELEASING = YES;
				CLANG_WARN_BOOL_CONVERSION = YES;
				CLANG_WARN_COMMA = YES;
				CLANG_WARN_CONSTANT_CONVERSION = YES;
				CLANG_WARN_DEPRECATED_OBJC_IMPLEMENTATIONS = YES;
				CLANG_WARN_DIRECT_OBJC_ISA_USAGE = YES_ERROR;
				CLANG_WARN_DOCUMENTATION_COMMENTS = YES;
				CLANG_WARN_EMPTY_BODY = YES;
				CLANG_WARN_ENUM_CONVERSION = YES;
				CLANG_WARN_INFINITE_RECURSION = YES;
				CLANG_WARN_INT_CONVERSION = YES;
				CLANG_WARN_NON_LITERAL_NULL_CONVERSION = YES;
				CLANG_WARN_OBJC_IMPLICIT_RETAIN_SELF = YES;
				CLANG_WARN_OBJC_LITERAL_CONVERSION = YES;
				CLANG_WARN_OBJC_ROOT_CLASS = YES_ERROR;
				CLANG_WARN_QUOTED_INCLUDE_IN_FRAMEWORK_HEADER = YES;
				CLANG_WARN_RANGE_LOOP_ANALYSIS = YES;
				CLANG_WARN_STRICT_PROTOTYPES = YES;
				CLANG_WARN_SUSPICIOUS_MOVE = YES;
				CLANG_WARN_UNGUARDED_AVAILABILITY = YES_AGGRESSIVE;
				CLANG_WARN_UNREACHABLE_CODE = YES;
				CLANG_WARN__DUPLICATE_METHOD_MATCH = YES;
				COPY_PHASE_STRIP = NO;
				DEBUG_INFORMATION_FORMAT = "dwarf-with-dsym";
				ENABLE_NS_ASSERTIONS = NO;
				ENABLE_STRICT_OBJC_MSGSEND = YES;
				GCC_C_LANGUAGE_STANDARD = gnu11;
				GCC_NO_COMMON_BLOCKS = YES;
				GCC_WARN_64_TO_32_BIT_CONVERSION = YES;
				GCC_WARN_ABOUT_RETURN_TYPE = YES_ERROR;
				GCC_WARN_UNDECLARED_SELECTOR = YES;
				GCC_WARN_UNINITIALIZED_AUTOS = YES_AGGRESSIVE;
				GCC_WARN_UNUSED_FUNCTION = YES;
				GCC_WARN_UNUSED_VARIABLE = YES;
				IPHONEOS_DEPLOYMENT_TARGET = 15.2;
				MTL_ENABLE_DEBUG_INFO = NO;
				MTL_FAST_MATH = YES;
				SDKROOT = iphoneos;
				SWIFT_COMPILATION_MODE = wholemodule;
				SWIFT_OPTIMIZATION_LEVEL = "-O";
				VALIDATE_PRODUCT = YES;
			};
			name = Release;
		};
		9985CDE527CA065600A16782 /* Debug */ = {
			isa = XCBuildConfiguration;
			buildSettings = {
				ASSETCATALOG_COMPILER_APPICON_NAME = AppIcon;
				ASSETCATALOG_COMPILER_GLOBAL_ACCENT_COLOR_NAME = AccentColor;
				CODE_SIGN_STYLE = Automatic;
				CURRENT_PROJECT_VERSION = 1;
				DEVELOPMENT_TEAM = 252A989XMN;
				GENERATE_INFOPLIST_FILE = YES;
				INFOPLIST_FILE = Instagram/Info.plist;
				INFOPLIST_KEY_NSPhotoLibraryUsageDescription = "사진 추가를 위해서는 권한이 필요합니다.";
				INFOPLIST_KEY_UIApplicationSupportsIndirectInputEvents = YES;
				INFOPLIST_KEY_UILaunchStoryboardName = LaunchScreen;
				INFOPLIST_KEY_UISupportedInterfaceOrientations_iPad = "UIInterfaceOrientationPortrait UIInterfaceOrientationPortraitUpsideDown UIInterfaceOrientationLandscapeLeft UIInterfaceOrientationLandscapeRight";
				INFOPLIST_KEY_UISupportedInterfaceOrientations_iPhone = "UIInterfaceOrientationPortrait UIInterfaceOrientationLandscapeLeft UIInterfaceOrientationLandscapeRight";
				LD_RUNPATH_SEARCH_PATHS = (
					"$(inherited)",
					"@executable_path/Frameworks",
				);
				MARKETING_VERSION = 1.0;
				PRODUCT_BUNDLE_IDENTIFIER = LeeHsss.Instagram;
				PRODUCT_NAME = "$(TARGET_NAME)";
				SWIFT_EMIT_LOC_STRINGS = YES;
				SWIFT_VERSION = 5.0;
				TARGETED_DEVICE_FAMILY = "1,2";
			};
			name = Debug;
		};
		9985CDE627CA065600A16782 /* Release */ = {
			isa = XCBuildConfiguration;
			buildSettings = {
				ASSETCATALOG_COMPILER_APPICON_NAME = AppIcon;
				ASSETCATALOG_COMPILER_GLOBAL_ACCENT_COLOR_NAME = AccentColor;
				CODE_SIGN_STYLE = Automatic;
				CURRENT_PROJECT_VERSION = 1;
				DEVELOPMENT_TEAM = 252A989XMN;
				GENERATE_INFOPLIST_FILE = YES;
				INFOPLIST_FILE = Instagram/Info.plist;
				INFOPLIST_KEY_NSPhotoLibraryUsageDescription = "사진 추가를 위해서는 권한이 필요합니다.";
				INFOPLIST_KEY_UIApplicationSupportsIndirectInputEvents = YES;
				INFOPLIST_KEY_UILaunchStoryboardName = LaunchScreen;
				INFOPLIST_KEY_UISupportedInterfaceOrientations_iPad = "UIInterfaceOrientationPortrait UIInterfaceOrientationPortraitUpsideDown UIInterfaceOrientationLandscapeLeft UIInterfaceOrientationLandscapeRight";
				INFOPLIST_KEY_UISupportedInterfaceOrientations_iPhone = "UIInterfaceOrientationPortrait UIInterfaceOrientationLandscapeLeft UIInterfaceOrientationLandscapeRight";
				LD_RUNPATH_SEARCH_PATHS = (
					"$(inherited)",
					"@executable_path/Frameworks",
				);
				MARKETING_VERSION = 1.0;
				PRODUCT_BUNDLE_IDENTIFIER = LeeHsss.Instagram;
				PRODUCT_NAME = "$(TARGET_NAME)";
				SWIFT_EMIT_LOC_STRINGS = YES;
				SWIFT_VERSION = 5.0;
				TARGETED_DEVICE_FAMILY = "1,2";
			};
			name = Release;
		};
/* End XCBuildConfiguration section */

/* Begin XCConfigurationList section */
		9985CDCB27CA065500A16782 /* Build configuration list for PBXProject "Instagram" */ = {
			isa = XCConfigurationList;
			buildConfigurations = (
				9985CDE227CA065600A16782 /* Debug */,
				9985CDE327CA065600A16782 /* Release */,
			);
			defaultConfigurationIsVisible = 0;
			defaultConfigurationName = Release;
		};
		9985CDE427CA065600A16782 /* Build configuration list for PBXNativeTarget "Instagram" */ = {
			isa = XCConfigurationList;
			buildConfigurations = (
				9985CDE527CA065600A16782 /* Debug */,
				9985CDE627CA065600A16782 /* Release */,
			);
			defaultConfigurationIsVisible = 0;
			defaultConfigurationName = Release;
		};
/* End XCConfigurationList section */

/* Begin XCRemoteSwiftPackageReference section */
		9985CDE727CA084600A16782 /* XCRemoteSwiftPackageReference "SnapKit" */ = {
			isa = XCRemoteSwiftPackageReference;
			repositoryURL = "https://github.com/SnapKit/SnapKit.git";
			requirement = {
				branch = develop;
				kind = branch;
			};
		};
/* End XCRemoteSwiftPackageReference section */

/* Begin XCSwiftPackageProductDependency section */
		9985CDE827CA084600A16782 /* SnapKit */ = {
			isa = XCSwiftPackageProductDependency;
			package = 9985CDE727CA084600A16782 /* XCRemoteSwiftPackageReference "SnapKit" */;
			productName = SnapKit;
		};
/* End XCSwiftPackageProductDependency section */
	};
	rootObject = 9985CDC827CA065500A16782 /* Project object */;
}
